
Microsoft Visual Studio Solution File, Format Version 12.00
Project("{FAE04EC0-301F-11D3-BF4B-00C04F79EFBC}") = "JsonBenchmark", "JsonBenchmark\JsonBenchmark.csproj", "{A3F30B8A-FDA1-4789-988A-8BC36E450588}"
EndProject
Global
	GlobalSection(SolutionConfigurationPlatforms) = preSolution
		Debug|Any CPU = Debug|Any CPU
		Release|Any CPU = Release|Any CPU
	EndGlobalSection
	GlobalSection(ProjectConfigurationPlatforms) = postSolution
		{A3F30B8A-FDA1-4789-988A-8BC36E450588}.Debug|Any CPU.ActiveCfg = Debug|Any CPU
		{A3F30B8A-FDA1-4789-988A-8BC36E450588}.Debug|Any CPU.Build.0 = Debug|Any CPU
		{A3F30B8A-FDA1-4789-988A-8BC36E450588}.Release|Any CPU.ActiveCfg = Release|Any CPU
		{A3F30B8A-FDA1-4789-988A-8BC36E450588}.Release|Any CPU.Build.0 = Release|Any CPU
	EndGlobalSection
EndGlobal
